
Microsoft Visual Studio Solution File, Format Version 12.00
# Visual Studio 15
Project("{FAE04EC0-301F-11D3-BF4B-00C04F79EFBC}") = "CarLoan", "CarLoan\CarLoan.csproj", "{8FDFB202-5E77-443C-9330-548AF32B749B}"
EndProject
Project("{E53339B2-1760-4266-BCC7-CA923CBCF16C}") = "docker-compose", "docker-compose.dcproj", "{C7E4CB47-F77E-4E74-BF3D-922BD0E7CF98}"
EndProject
Global
	GlobalSection(SolutionConfigurationPlatforms) = preSolution
		Debug|Any CPU = Debug|Any CPU
		Release|Any CPU = Release|Any CPU
	EndGlobalSection
	GlobalSection(ProjectConfigurationPlatforms) = postSolution
		{8FDFB202-5E77-443C-9330-548AF32B749B}.Debug|Any CPU.ActiveCfg = Debug|Any CPU
		{8FDFB202-5E77-443C-9330-548AF32B749B}.Debug|Any CPU.Build.0 = Debug|Any CPU
		{8FDFB202-5E77-443C-9330-548AF32B749B}.Release|Any CPU.ActiveCfg = Release|Any CPU
		{8FDFB202-5E77-443C-9330-548AF32B749B}.Release|Any CPU.Build.0 = Release|Any CPU
		{C7E4CB47-F77E-4E74-BF3D-922BD0E7CF98}.Debug|Any CPU.ActiveCfg = Debug|Any CPU
		{C7E4CB47-F77E-4E74-BF3D-922BD0E7CF98}.Debug|Any CPU.Build.0 = Debug|Any CPU
		{C7E4CB47-F77E-4E74-BF3D-922BD0E7CF98}.Release|Any CPU.ActiveCfg = Release|Any CPU
		{C7E4CB47-F77E-4E74-BF3D-922BD0E7CF98}.Release|Any CPU.Build.0 = Release|Any CPU
	EndGlobalSection
EndGlobal
