// !$*UTF8*$!
{
	archiveVersion = 1;
	classes = {
	};
	objectVersion = 46;
	objects = {

/* Begin PBXBuildFile section */
		1409F3E81E00B7DC0049648A /* SearchViewController.swift in Sources */ = {isa = PBXBuildFile; fileRef = 1409F3E71E00B7DC0049648A /* SearchViewController.swift */; };
		140BE8B61DD11A06004DF5E6 /* RestApiManager.swift in Sources */ = {isa = PBXBuildFile; fileRef = 140BE8B51DD11A06004DF5E6 /* RestApiManager.swift */; };
		148C622D1DCFA4E60009440E /* AppDelegate.swift in Sources */ = {isa = PBXBuildFile; fileRef = 148C622C1DCFA4E60009440E /* AppDelegate.swift */; };
		148C622F1DCFA4E60009440E /* HomeViewController.swift in Sources */ = {isa = PBXBuildFile; fileRef = 148C622E1DCFA4E60009440E /* HomeViewController.swift */; };
		148C62321DCFA4E60009440E /* Main.storyboard in Resources */ = {isa = PBXBuildFile; fileRef = 148C62301DCFA4E60009440E /* Main.storyboard */; };
		148C62341DCFA4E60009440E /* Assets.xcassets in Resources */ = {isa = PBXBuildFile; fileRef = 148C62331DCFA4E60009440E /* Assets.xcassets */; };
		148C62371DCFA4E60009440E /* LaunchScreen.storyboard in Resources */ = {isa = PBXBuildFile; fileRef = 148C62351DCFA4E60009440E /* LaunchScreen.storyboard */; };
		148C62421DCFA4E60009440E /* Cars_Mobile_SampleTests.swift in Sources */ = {isa = PBXBuildFile; fileRef = 148C62411DCFA4E60009440E /* Cars_Mobile_SampleTests.swift */; };
		148C62561DD0F4B80009440E /* ManufacturerTableViewController.swift in Sources */ = {isa = PBXBuildFile; fileRef = 148C62551DD0F4B80009440E /* ManufacturerTableViewController.swift */; };
		148C62581DD0F5920009440E /* ManufacturerTableViewCell.swift in Sources */ = {isa = PBXBuildFile; fileRef = 148C62571DD0F5920009440E /* ManufacturerTableViewCell.swift */; };
		148C625B1DD103B30009440E /* Manufacturer.swift in Sources */ = {isa = PBXBuildFile; fileRef = 148C625A1DD103B30009440E /* Manufacturer.swift */; };
		1492D3301E12DF6E00A1C534 /* SellViewController.swift in Sources */ = {isa = PBXBuildFile; fileRef = 1492D32F1E12DF6E00A1C534 /* SellViewController.swift */; };
		1492D3321E13186B00A1C534 /* LoginViewController.swift in Sources */ = {isa = PBXBuildFile; fileRef = 1492D3311E13186B00A1C534 /* LoginViewController.swift */; };
		1492D3341E131ADF00A1C534 /* User.swift in Sources */ = {isa = PBXBuildFile; fileRef = 1492D3331E131ADF00A1C534 /* User.swift */; };
		14AF704C1DD90C87003DBDD4 /* Car.swift in Sources */ = {isa = PBXBuildFile; fileRef = 14AF704B1DD90C87003DBDD4 /* Car.swift */; };
		14AF704E1DD90CB1003DBDD4 /* CarTableViewController.swift in Sources */ = {isa = PBXBuildFile; fileRef = 14AF704D1DD90CB1003DBDD4 /* CarTableViewController.swift */; };
		14AF70501DD90CE3003DBDD4 /* CarTableViewCell.swift in Sources */ = {isa = PBXBuildFile; fileRef = 14AF704F1DD90CE3003DBDD4 /* CarTableViewCell.swift */; };
		14D2FF861DDA14EB0085D0F4 /* CarViewController.swift in Sources */ = {isa = PBXBuildFile; fileRef = 14D2FF851DDA14EB0085D0F4 /* CarViewController.swift */; };
/* End PBXBuildFile section */

/* Begin PBXContainerItemProxy section */
		148C623E1DCFA4E60009440E /* PBXContainerItemProxy */ = {
			isa = PBXContainerItemProxy;
			containerPortal = 148C62211DCFA4E60009440E /* Project object */;
			proxyType = 1;
			remoteGlobalIDString = 148C62281DCFA4E60009440E;
			remoteInfo = "Cars Mobile Sample";
		};
/* End PBXContainerItemProxy section */

/* Begin PBXFileReference section */
		1409F3E71E00B7DC0049648A /* SearchViewController.swift */ = {isa = PBXFileReference; fileEncoding = 4; lastKnownFileType = sourcecode.swift; path = SearchViewController.swift; sourceTree = "<group>"; };
		140BE8B51DD11A06004DF5E6 /* RestApiManager.swift */ = {isa = PBXFileReference; fileEncoding = 4; lastKnownFileType = sourcecode.swift; path = RestApiManager.swift; sourceTree = "<group>"; };
		148C62291DCFA4E60009440E /* Cars Mobile Sample.app */ = {isa = PBXFileReference; explicitFileType = wrapper.application; includeInIndex = 0; path = "Cars Mobile Sample.app"; sourceTree = BUILT_PRODUCTS_DIR; };
		148C622C1DCFA4E60009440E /* AppDelegate.swift */ = {isa = PBXFileReference; lastKnownFileType = sourcecode.swift; path = AppDelegate.swift; sourceTree = "<group>"; };
		148C622E1DCFA4E60009440E /* HomeViewController.swift */ = {isa = PBXFileReference; lastKnownFileType = sourcecode.swift; path = HomeViewController.swift; sourceTree = "<group>"; };
		148C62311DCFA4E60009440E /* Base */ = {isa = PBXFileReference; lastKnownFileType = file.storyboard; name = Base; path = Base.lproj/Main.storyboard; sourceTree = "<group>"; };
		148C62331DCFA4E60009440E /* Assets.xcassets */ = {isa = PBXFileReference; lastKnownFileType = folder.assetcatalog; path = Assets.xcassets; sourceTree = "<group>"; };
		148C62361DCFA4E60009440E /* Base */ = {isa = PBXFileReference; lastKnownFileType = file.storyboard; name = Base; path = Base.lproj/LaunchScreen.storyboard; sourceTree = "<group>"; };
		148C62381DCFA4E60009440E /* Info.plist */ = {isa = PBXFileReference; lastKnownFileType = text.plist.xml; path = Info.plist; sourceTree = "<group>"; };
		148C623D1DCFA4E60009440E /* Cars Mobile SampleTests.xctest */ = {isa = PBXFileReference; explicitFileType = wrapper.cfbundle; includeInIndex = 0; path = "Cars Mobile SampleTests.xctest"; sourceTree = BUILT_PRODUCTS_DIR; };
		148C62411DCFA4E60009440E /* Cars_Mobile_SampleTests.swift */ = {isa = PBXFileReference; lastKnownFileType = sourcecode.swift; path = Cars_Mobile_SampleTests.swift; sourceTree = "<group>"; };
		148C62431DCFA4E60009440E /* Info.plist */ = {isa = PBXFileReference; lastKnownFileType = text.plist.xml; path = Info.plist; sourceTree = "<group>"; };
		148C62551DD0F4B80009440E /* ManufacturerTableViewController.swift */ = {isa = PBXFileReference; fileEncoding = 4; lastKnownFileType = sourcecode.swift; path = ManufacturerTableViewController.swift; sourceTree = "<group>"; };
		148C62571DD0F5920009440E /* ManufacturerTableViewCell.swift */ = {isa = PBXFileReference; fileEncoding = 4; lastKnownFileType = sourcecode.swift; path = ManufacturerTableViewCell.swift; sourceTree = "<group>"; };
		148C625A1DD103B30009440E /* Manufacturer.swift */ = {isa = PBXFileReference; fileEncoding = 4; lastKnownFileType = sourcecode.swift; path = Manufacturer.swift; sourceTree = "<group>"; };
		1492D32F1E12DF6E00A1C534 /* SellViewController.swift */ = {isa = PBXFileReference; fileEncoding = 4; lastKnownFileType = sourcecode.swift; path = SellViewController.swift; sourceTree = "<group>"; };
		1492D3311E13186B00A1C534 /* LoginViewController.swift */ = {isa = PBXFileReference; fileEncoding = 4; lastKnownFileType = sourcecode.swift; path = LoginViewController.swift; sourceTree = "<group>"; };
		1492D3331E131ADF00A1C534 /* User.swift */ = {isa = PBXFileReference; fileEncoding = 4; lastKnownFileType = sourcecode.swift; path = User.swift; sourceTree = "<group>"; };
		14AF704B1DD90C87003DBDD4 /* Car.swift */ = {isa = PBXFileReference; fileEncoding = 4; lastKnownFileType = sourcecode.swift; path = Car.swift; sourceTree = "<group>"; };
		14AF704D1DD90CB1003DBDD4 /* CarTableViewController.swift */ = {isa = PBXFileReference; fileEncoding = 4; lastKnownFileType = sourcecode.swift; path = CarTableViewController.swift; sourceTree = "<group>"; };
		14AF704F1DD90CE3003DBDD4 /* CarTableViewCell.swift */ = {isa = PBXFileReference; fileEncoding = 4; lastKnownFileType = sourcecode.swift; path = CarTableViewCell.swift; sourceTree = "<group>"; };
		14D2FF851DDA14EB0085D0F4 /* CarViewController.swift */ = {isa = PBXFileReference; fileEncoding = 4; lastKnownFileType = sourcecode.swift; path = CarViewController.swift; sourceTree = "<group>"; };
/* End PBXFileReference section */

/* Begin PBXFrameworksBuildPhase section */
		148C62261DCFA4E60009440E /* Frameworks */ = {
			isa = PBXFrameworksBuildPhase;
			buildActionMask = 2147483647;
			files = (
			);
			runOnlyForDeploymentPostprocessing = 0;
		};
		148C623A1DCFA4E60009440E /* Frameworks */ = {
			isa = PBXFrameworksBuildPhase;
			buildActionMask = 2147483647;
			files = (
			);
			runOnlyForDeploymentPostprocessing = 0;
		};
/* End PBXFrameworksBuildPhase section */

/* Begin PBXGroup section */
		140BE8B41DD1177C004DF5E6 /* RESTClient */ = {
			isa = PBXGroup;
			children = (
				140BE8B51DD11A06004DF5E6 /* RestApiManager.swift */,
			);
			name = RESTClient;
			sourceTree = "<group>";
		};
		148C62201DCFA4E60009440E = {
			isa = PBXGroup;
			children = (
				148C622B1DCFA4E60009440E /* Cars Mobile Sample */,
				148C62401DCFA4E60009440E /* Cars Mobile SampleTests */,
				148C622A1DCFA4E60009440E /* Products */,
				254C4A311E0A418EFD3B791B /* Frameworks */,
			);
			sourceTree = "<group>";
		};
		148C622A1DCFA4E60009440E /* Products */ = {
			isa = PBXGroup;
			children = (
				148C62291DCFA4E60009440E /* Cars Mobile Sample.app */,
				148C623D1DCFA4E60009440E /* Cars Mobile SampleTests.xctest */,
			);
			name = Products;
			sourceTree = "<group>";
		};
		148C622B1DCFA4E60009440E /* Cars Mobile Sample */ = {
			isa = PBXGroup;
			children = (
				140BE8B41DD1177C004DF5E6 /* RESTClient */,
				148C62591DD1039A0009440E /* DataObjects */,
				148C622C1DCFA4E60009440E /* AppDelegate.swift */,
				148C622E1DCFA4E60009440E /* HomeViewController.swift */,
				148C62301DCFA4E60009440E /* Main.storyboard */,
				148C62331DCFA4E60009440E /* Assets.xcassets */,
				148C62351DCFA4E60009440E /* LaunchScreen.storyboard */,
				148C62381DCFA4E60009440E /* Info.plist */,
				148C62551DD0F4B80009440E /* ManufacturerTableViewController.swift */,
				148C62571DD0F5920009440E /* ManufacturerTableViewCell.swift */,
				14AF704D1DD90CB1003DBDD4 /* CarTableViewController.swift */,
				14AF704F1DD90CE3003DBDD4 /* CarTableViewCell.swift */,
				14D2FF851DDA14EB0085D0F4 /* CarViewController.swift */,
				1409F3E71E00B7DC0049648A /* SearchViewController.swift */,
				1492D32F1E12DF6E00A1C534 /* SellViewController.swift */,
				1492D3311E13186B00A1C534 /* LoginViewController.swift */,
			);
			path = "Cars Mobile Sample";
			sourceTree = "<group>";
		};
		148C62401DCFA4E60009440E /* Cars Mobile SampleTests */ = {
			isa = PBXGroup;
			children = (
				148C62411DCFA4E60009440E /* Cars_Mobile_SampleTests.swift */,
				148C62431DCFA4E60009440E /* Info.plist */,
			);
			path = "Cars Mobile SampleTests";
			sourceTree = "<group>";
		};
		148C62591DD1039A0009440E /* DataObjects */ = {
			isa = PBXGroup;
			children = (
				148C625A1DD103B30009440E /* Manufacturer.swift */,
				14AF704B1DD90C87003DBDD4 /* Car.swift */,
				1492D3331E131ADF00A1C534 /* User.swift */,
			);
			name = DataObjects;
			sourceTree = "<group>";
		};
		254C4A311E0A418EFD3B791B /* Frameworks */ = {
			isa = PBXGroup;
			children = (
			);
			name = Frameworks;
			sourceTree = "<group>";
		};
/* End PBXGroup section */

/* Begin PBXNativeTarget section */
		148C62281DCFA4E60009440E /* Cars Mobile Sample */ = {
			isa = PBXNativeTarget;
			buildConfigurationList = 148C62461DCFA4E60009440E /* Build configuration list for PBXNativeTarget "Cars Mobile Sample" */;
			buildPhases = (
				148C62251DCFA4E60009440E /* Sources */,
				148C62261DCFA4E60009440E /* Frameworks */,
				148C62271DCFA4E60009440E /* Resources */,
			);
			buildRules = (
			);
			dependencies = (
			);
			name = "Cars Mobile Sample";
			productName = "Cars Mobile Sample";
			productReference = 148C62291DCFA4E60009440E /* Cars Mobile Sample.app */;
			productType = "com.apple.product-type.application";
		};
		148C623C1DCFA4E60009440E /* Cars Mobile SampleTests */ = {
			isa = PBXNativeTarget;
			buildConfigurationList = 148C62491DCFA4E60009440E /* Build configuration list for PBXNativeTarget "Cars Mobile SampleTests" */;
			buildPhases = (
				148C62391DCFA4E60009440E /* Sources */,
				148C623A1DCFA4E60009440E /* Frameworks */,
				148C623B1DCFA4E60009440E /* Resources */,
			);
			buildRules = (
			);
			dependencies = (
				148C623F1DCFA4E60009440E /* PBXTargetDependency */,
			);
			name = "Cars Mobile SampleTests";
			productName = "Cars Mobile SampleTests";
			productReference = 148C623D1DCFA4E60009440E /* Cars Mobile SampleTests.xctest */;
			productType = "com.apple.product-type.bundle.unit-test";
		};
/* End PBXNativeTarget section */

/* Begin PBXProject section */
		148C62211DCFA4E60009440E /* Project object */ = {
			isa = PBXProject;
			attributes = {
				LastSwiftUpdateCheck = 0720;
				LastUpgradeCheck = 0720;
				ORGANIZATIONNAME = "Tom Batchelor";
				TargetAttributes = {
					148C62281DCFA4E60009440E = {
						CreatedOnToolsVersion = 7.2.1;
					};
					148C623C1DCFA4E60009440E = {
						CreatedOnToolsVersion = 7.2.1;
						TestTargetID = 148C62281DCFA4E60009440E;
					};
				};
			};
			buildConfigurationList = 148C62241DCFA4E60009440E /* Build configuration list for PBXProject "Cars Mobile Sample" */;
			compatibilityVersion = "Xcode 3.2";
			developmentRegion = English;
			hasScannedForEncodings = 0;
			knownRegions = (
				en,
				Base,
			);
			mainGroup = 148C62201DCFA4E60009440E;
			productRefGroup = 148C622A1DCFA4E60009440E /* Products */;
			projectDirPath = "";
			projectRoot = "";
			targets = (
				148C62281DCFA4E60009440E /* Cars Mobile Sample */,
				148C623C1DCFA4E60009440E /* Cars Mobile SampleTests */,
			);
		};
/* End PBXProject section */

/* Begin PBXResourcesBuildPhase section */
		148C62271DCFA4E60009440E /* Resources */ = {
			isa = PBXResourcesBuildPhase;
			buildActionMask = 2147483647;
			files = (
				148C62371DCFA4E60009440E /* LaunchScreen.storyboard in Resources */,
				148C62341DCFA4E60009440E /* Assets.xcassets in Resources */,
				148C62321DCFA4E60009440E /* Main.storyboard in Resources */,
			);
			runOnlyForDeploymentPostprocessing = 0;
		};
		148C623B1DCFA4E60009440E /* Resources */ = {
			isa = PBXResourcesBuildPhase;
			buildActionMask = 2147483647;
			files = (
			);
			runOnlyForDeploymentPostprocessing = 0;
		};
/* End PBXResourcesBuildPhase section */

/* Begin PBXSourcesBuildPhase section */
		148C62251DCFA4E60009440E /* Sources */ = {
			isa = PBXSourcesBuildPhase;
			buildActionMask = 2147483647;
			files = (
				148C622F1DCFA4E60009440E /* HomeViewController.swift in Sources */,
				1409F3E81E00B7DC0049648A /* SearchViewController.swift in Sources */,
				1492D3301E12DF6E00A1C534 /* SellViewController.swift in Sources */,
				148C625B1DD103B30009440E /* Manufacturer.swift in Sources */,
				148C622D1DCFA4E60009440E /* AppDelegate.swift in Sources */,
				148C62581DD0F5920009440E /* ManufacturerTableViewCell.swift in Sources */,
				1492D3341E131ADF00A1C534 /* User.swift in Sources */,
				14AF704E1DD90CB1003DBDD4 /* CarTableViewController.swift in Sources */,
				14D2FF861DDA14EB0085D0F4 /* CarViewController.swift in Sources */,
				14AF70501DD90CE3003DBDD4 /* CarTableViewCell.swift in Sources */,
				140BE8B61DD11A06004DF5E6 /* RestApiManager.swift in Sources */,
				14AF704C1DD90C87003DBDD4 /* Car.swift in Sources */,
				1492D3321E13186B00A1C534 /* LoginViewController.swift in Sources */,
				148C62561DD0F4B80009440E /* ManufacturerTableViewController.swift in Sources */,
			);
			runOnlyForDeploymentPostprocessing = 0;
		};
		148C62391DCFA4E60009440E /* Sources */ = {
			isa = PBXSourcesBuildPhase;
			buildActionMask = 2147483647;
			files = (
				148C62421DCFA4E60009440E /* Cars_Mobile_SampleTests.swift in Sources */,
			);
			runOnlyForDeploymentPostprocessing = 0;
		};
/* End PBXSourcesBuildPhase section */

/* Begin PBXTargetDependency section */
		148C623F1DCFA4E60009440E /* PBXTargetDependency */ = {
			isa = PBXTargetDependency;
			target = 148C62281DCFA4E60009440E /* Cars Mobile Sample */;
			targetProxy = 148C623E1DCFA4E60009440E /* PBXContainerItemProxy */;
		};
/* End PBXTargetDependency section */

/* Begin PBXVariantGroup section */
		148C62301DCFA4E60009440E /* Main.storyboard */ = {
			isa = PBXVariantGroup;
			children = (
				148C62311DCFA4E60009440E /* Base */,
			);
			name = Main.storyboard;
			sourceTree = "<group>";
		};
		148C62351DCFA4E60009440E /* LaunchScreen.storyboard */ = {
			isa = PBXVariantGroup;
			children = (
				148C62361DCFA4E60009440E /* Base */,
			);
			name = LaunchScreen.storyboard;
			sourceTree = "<group>";
		};
/* End PBXVariantGroup section */

/* Begin XCBuildConfiguration section */
		148C62441DCFA4E60009440E /* Debug */ = {
			isa = XCBuildConfiguration;
			buildSettings = {
				ALWAYS_SEARCH_USER_PATHS = NO;
				CLANG_CXX_LANGUAGE_STANDARD = "gnu++0x";
				CLANG_CXX_LIBRARY = "libc++";
				CLANG_ENABLE_MODULES = YES;
				CLANG_ENABLE_OBJC_ARC = YES;
				CLANG_WARN_BOOL_CONVERSION = YES;
				CLANG_WARN_CONSTANT_CONVERSION = YES;
				CLANG_WARN_DIRECT_OBJC_ISA_USAGE = YES_ERROR;
				CLANG_WARN_EMPTY_BODY = YES;
				CLANG_WARN_ENUM_CONVERSION = YES;
				CLANG_WARN_INT_CONVERSION = YES;
				CLANG_WARN_OBJC_ROOT_CLASS = YES_ERROR;
				CLANG_WARN_UNREACHABLE_CODE = YES;
				CLANG_WARN__DUPLICATE_METHOD_MATCH = YES;
				"CODE_SIGN_IDENTITY[sdk=iphoneos*]" = "iPhone Developer";
				COPY_PHASE_STRIP = NO;
				DEBUG_INFORMATION_FORMAT = dwarf;
				ENABLE_STRICT_OBJC_MSGSEND = YES;
				ENABLE_TESTABILITY = YES;
				GCC_C_LANGUAGE_STANDARD = gnu99;
				GCC_DYNAMIC_NO_PIC = NO;
				GCC_NO_COMMON_BLOCKS = YES;
				GCC_OPTIMIZATION_LEVEL = 0;
				GCC_PREPROCESSOR_DEFINITIONS = (
					"DEBUG=1",
					"$(inherited)",
				);
				GCC_WARN_64_TO_32_BIT_CONVERSION = YES;
				GCC_WARN_ABOUT_RETURN_TYPE = YES_ERROR;
				GCC_WARN_UNDECLARED_SELECTOR = YES;
				GCC_WARN_UNINITIALIZED_AUTOS = YES_AGGRESSIVE;
				GCC_WARN_UNUSED_FUNCTION = YES;
				GCC_WARN_UNUSED_VARIABLE = YES;
				IPHONEOS_DEPLOYMENT_TARGET = 9.2;
				MTL_ENABLE_DEBUG_INFO = YES;
				ONLY_ACTIVE_ARCH = YES;
				SDKROOT = iphoneos;
				SWIFT_OPTIMIZATION_LEVEL = "-Onone";
				TARGETED_DEVICE_FAMILY = "1,2";
			};
			name = Debug;
		};
		148C62451DCFA4E60009440E /* Release */ = {
			isa = XCBuildConfiguration;
			buildSettings = {
				ALWAYS_SEARCH_USER_PATHS = NO;
				CLANG_CXX_LANGUAGE_STANDARD = "gnu++0x";
				CLANG_CXX_LIBRARY = "libc++";
				CLANG_ENABLE_MODULES = YES;
				CLANG_ENABLE_OBJC_ARC = YES;
				CLANG_WARN_BOOL_CONVERSION = YES;
				CLANG_WARN_CONSTANT_CONVERSION = YES;
				CLANG_WARN_DIRECT_OBJC_ISA_USAGE = YES_ERROR;
				CLANG_WARN_EMPTY_BODY = YES;
				CLANG_WARN_ENUM_CONVERSION = YES;
				CLANG_WARN_INT_CONVERSION = YES;
				CLANG_WARN_OBJC_ROOT_CLASS = YES_ERROR;
				CLANG_WARN_UNREACHABLE_CODE = YES;
				CLANG_WARN__DUPLICATE_METHOD_MATCH = YES;
				"CODE_SIGN_IDENTITY[sdk=iphoneos*]" = "iPhone Developer";
				COPY_PHASE_STRIP = NO;
				DEBUG_INFORMATION_FORMAT = "dwarf-with-dsym";
				ENABLE_NS_ASSERTIONS = NO;
				ENABLE_STRICT_OBJC_MSGSEND = YES;
				GCC_C_LANGUAGE_STANDARD = gnu99;
				GCC_NO_COMMON_BLOCKS = YES;
				GCC_WARN_64_TO_32_BIT_CONVERSION = YES;
				GCC_WARN_ABOUT_RETURN_TYPE = YES_ERROR;
				GCC_WARN_UNDECLARED_SELECTOR = YES;
				GCC_WARN_UNINITIALIZED_AUTOS = YES_AGGRESSIVE;
				GCC_WARN_UNUSED_FUNCTION = YES;
				GCC_WARN_UNUSED_VARIABLE = YES;
				IPHONEOS_DEPLOYMENT_TARGET = 9.2;
				MTL_ENABLE_DEBUG_INFO = NO;
				SDKROOT = iphoneos;
				TARGETED_DEVICE_FAMILY = "1,2";
				VALIDATE_PRODUCT = YES;
			};
			name = Release;
		};
		148C62471DCFA4E60009440E /* Debug */ = {
			isa = XCBuildConfiguration;
			buildSettings = {
				ASSETCATALOG_COMPILER_APPICON_NAME = AppIcon;
				INFOPLIST_FILE = "Cars Mobile Sample/Info.plist";
				LD_RUNPATH_SEARCH_PATHS = "$(inherited) @executable_path/Frameworks";
				PRODUCT_BUNDLE_IDENTIFIER = "com.tombatchelor.Cars-Mobile-Sample";
				PRODUCT_NAME = "$(TARGET_NAME)";
			};
			name = Debug;
		};
		148C62481DCFA4E60009440E /* Release */ = {
			isa = XCBuildConfiguration;
			buildSettings = {
				ASSETCATALOG_COMPILER_APPICON_NAME = AppIcon;
				INFOPLIST_FILE = "Cars Mobile Sample/Info.plist";
				LD_RUNPATH_SEARCH_PATHS = "$(inherited) @executable_path/Frameworks";
				PRODUCT_BUNDLE_IDENTIFIER = "com.tombatchelor.Cars-Mobile-Sample";
				PRODUCT_NAME = "$(TARGET_NAME)";
			};
			name = Release;
		};
		148C624A1DCFA4E60009440E /* Debug */ = {
			isa = XCBuildConfiguration;
			buildSettings = {
				BUNDLE_LOADER = "$(TEST_HOST)";
				INFOPLIST_FILE = "Cars Mobile SampleTests/Info.plist";
				LD_RUNPATH_SEARCH_PATHS = "$(inherited) @executable_path/Frameworks @loader_path/Frameworks";
				PRODUCT_BUNDLE_IDENTIFIER = "com.tombatchelor.Cars-Mobile-SampleTests";
				PRODUCT_NAME = "$(TARGET_NAME)";
				TEST_HOST = "$(BUILT_PRODUCTS_DIR)/Cars Mobile Sample.app/Cars Mobile Sample";
			};
			name = Debug;
		};
		148C624B1DCFA4E60009440E /* Release */ = {
			isa = XCBuildConfiguration;
			buildSettings = {
				BUNDLE_LOADER = "$(TEST_HOST)";
				INFOPLIST_FILE = "Cars Mobile SampleTests/Info.plist";
				LD_RUNPATH_SEARCH_PATHS = "$(inherited) @executable_path/Frameworks @loader_path/Frameworks";
				PRODUCT_BUNDLE_IDENTIFIER = "com.tombatchelor.Cars-Mobile-SampleTests";
				PRODUCT_NAME = "$(TARGET_NAME)";
				TEST_HOST = "$(BUILT_PRODUCTS_DIR)/Cars Mobile Sample.app/Cars Mobile Sample";
			};
			name = Release;
		};
/* End XCBuildConfiguration section */

/* Begin XCConfigurationList section */
		148C62241DCFA4E60009440E /* Build configuration list for PBXProject "Cars Mobile Sample" */ = {
			isa = XCConfigurationList;
			buildConfigurations = (
				148C62441DCFA4E60009440E /* Debug */,
				148C62451DCFA4E60009440E /* Release */,
			);
			defaultConfigurationIsVisible = 0;
			defaultConfigurationName = Release;
		};
		148C62461DCFA4E60009440E /* Build configuration list for PBXNativeTarget "Cars Mobile Sample" */ = {
			isa = XCConfigurationList;
			buildConfigurations = (
				148C62471DCFA4E60009440E /* Debug */,
				148C62481DCFA4E60009440E /* Release */,
			);
			defaultConfigurationIsVisible = 0;
			defaultConfigurationName = Release;
		};
		148C62491DCFA4E60009440E /* Build configuration list for PBXNativeTarget "Cars Mobile SampleTests" */ = {
			isa = XCConfigurationList;
			buildConfigurations = (
				148C624A1DCFA4E60009440E /* Debug */,
				148C624B1DCFA4E60009440E /* Release */,
			);
			defaultConfigurationIsVisible = 0;
			defaultConfigurationName = Release;
		};
/* End XCConfigurationList section */
	};
	rootObject = 148C62211DCFA4E60009440E /* Project object */;
}
